
Microsoft Visual Studio Solution File, Format Version 12.00
# Visual Studio Version 17
VisualStudioVersion = 17.8.34511.84
MinimumVisualStudioVersion = 10.0.40219.1
Project("{FAE04EC0-301F-11D3-BF4B-00C04F79EFBC}") = "WebApplication1", "WebApplication1\WebApplication1.csproj", "{423208F5-E617-4C57-9A80-4ED457F215F0}"
EndProject
Global
	GlobalSection(SolutionConfigurationPlatforms) = preSolution
		Debug|Any CPU = Debug|Any CPU
		Release|Any CPU = Release|Any CPU
	EndGlobalSection
	GlobalSection(ProjectConfigurationPlatforms) = postSolution
		{423208F5-E617-4C57-9A80-4ED457F215F0}.Debug|Any CPU.ActiveCfg = Debug|Any CPU
		{423208F5-E617-4C57-9A80-4ED457F215F0}.Debug|Any CPU.Build.0 = Debug|Any CPU
		{423208F5-E617-4C57-9A80-4ED457F215F0}.Release|Any CPU.ActiveCfg = Release|Any CPU
		{423208F5-E617-4C57-9A80-4ED457F215F0}.Release|Any CPU.Build.0 = Release|Any CPU
	EndGlobalSection
	GlobalSection(SolutionProperties) = preSolution
		HideSolutionNode = FALSE
	EndGlobalSection
	GlobalSection(ExtensibilityGlobals) = postSolution
		SolutionGuid = {4EEA2C6A-4B9D-436D-BD05-63F7D3378364}
	EndGlobalSection
EndGlobal
